
Microsoft Visual Studio Solution File, Format Version 12.00
# Visual Studio Version 17
VisualStudioVersion = 17.7.34018.315
MinimumVisualStudioVersion = 10.0.40219.1
Project("{9A19103F-16F7-4668-BE54-9A1E7A4F7556}") = "PL", "PL\PL.csproj", "{0DE7DDE7-A5AA-4E7F-9904-53640DCCEE9C}"
EndProject
Project("{9A19103F-16F7-4668-BE54-9A1E7A4F7556}") = "ML", "ML\ML.csproj", "{38343331-1486-4436-A28F-0A41A268706D}"
EndProject
Project("{9A19103F-16F7-4668-BE54-9A1E7A4F7556}") = "BL", "BL\BL.csproj", "{4BF17A04-FD9B-4259-A459-924D66FE20C4}"
EndProject
Project("{9A19103F-16F7-4668-BE54-9A1E7A4F7556}") = "DL", "DL\DL.csproj", "{183FAB46-644B-44E4-94AB-6AB38A90A46B}"
EndProject
Project("{FAE04EC0-301F-11D3-BF4B-00C04F79EFBC}") = "SL", "SL\SL.csproj", "{6F2B92ED-05DE-4B68-8017-BCF1C778DDB0}"
EndProject
Global
	GlobalSection(SolutionConfigurationPlatforms) = preSolution
		Debug|Any CPU = Debug|Any CPU
		Release|Any CPU = Release|Any CPU
	EndGlobalSection
	GlobalSection(ProjectConfigurationPlatforms) = postSolution
		{0DE7DDE7-A5AA-4E7F-9904-53640DCCEE9C}.Debug|Any CPU.ActiveCfg = Debug|Any CPU
		{0DE7DDE7-A5AA-4E7F-9904-53640DCCEE9C}.Debug|Any CPU.Build.0 = Debug|Any CPU
		{0DE7DDE7-A5AA-4E7F-9904-53640DCCEE9C}.Release|Any CPU.ActiveCfg = Release|Any CPU
		{0DE7DDE7-A5AA-4E7F-9904-53640DCCEE9C}.Release|Any CPU.Build.0 = Release|Any CPU
		{38343331-1486-4436-A28F-0A41A268706D}.Debug|Any CPU.ActiveCfg = Debug|Any CPU
		{38343331-1486-4436-A28F-0A41A268706D}.Debug|Any CPU.Build.0 = Debug|Any CPU
		{38343331-1486-4436-A28F-0A41A268706D}.Release|Any CPU.ActiveCfg = Release|Any CPU
		{38343331-1486-4436-A28F-0A41A268706D}.Release|Any CPU.Build.0 = Release|Any CPU
		{4BF17A04-FD9B-4259-A459-924D66FE20C4}.Debug|Any CPU.ActiveCfg = Debug|Any CPU
		{4BF17A04-FD9B-4259-A459-924D66FE20C4}.Debug|Any CPU.Build.0 = Debug|Any CPU
		{4BF17A04-FD9B-4259-A459-924D66FE20C4}.Release|Any CPU.ActiveCfg = Release|Any CPU
		{4BF17A04-FD9B-4259-A459-924D66FE20C4}.Release|Any CPU.Build.0 = Release|Any CPU
		{183FAB46-644B-44E4-94AB-6AB38A90A46B}.Debug|Any CPU.ActiveCfg = Debug|Any CPU
		{183FAB46-644B-44E4-94AB-6AB38A90A46B}.Debug|Any CPU.Build.0 = Debug|Any CPU
		{183FAB46-644B-44E4-94AB-6AB38A90A46B}.Release|Any CPU.ActiveCfg = Release|Any CPU
		{183FAB46-644B-44E4-94AB-6AB38A90A46B}.Release|Any CPU.Build.0 = Release|Any CPU
		{6F2B92ED-05DE-4B68-8017-BCF1C778DDB0}.Debug|Any CPU.ActiveCfg = Debug|Any CPU
		{6F2B92ED-05DE-4B68-8017-BCF1C778DDB0}.Debug|Any CPU.Build.0 = Debug|Any CPU
		{6F2B92ED-05DE-4B68-8017-BCF1C778DDB0}.Release|Any CPU.ActiveCfg = Release|Any CPU
		{6F2B92ED-05DE-4B68-8017-BCF1C778DDB0}.Release|Any CPU.Build.0 = Release|Any CPU
	EndGlobalSection
	GlobalSection(SolutionProperties) = preSolution
		HideSolutionNode = FALSE
	EndGlobalSection
	GlobalSection(ExtensibilityGlobals) = postSolution
		SolutionGuid = {BCC13426-695A-4CF7-8652-558FD17AD5A2}
	EndGlobalSection
EndGlobal
